
Microsoft Visual Studio Solution File, Format Version 12.00
# Visual Studio Version 17
VisualStudioVersion = 17.9.34607.119
MinimumVisualStudioVersion = 10.0.40219.1
Project("{FAE04EC0-301F-11D3-BF4B-00C04F79EFBC}") = "Bustrafedon", "Bustrafedon\Bustrafedon.csproj", "{F4C438FB-BD45-4170-84DF-57AE4B57BB1B}"
EndProject
Global
	GlobalSection(SolutionConfigurationPlatforms) = preSolution
		Debug|Any CPU = Debug|Any CPU
		Release|Any CPU = Release|Any CPU
	EndGlobalSection
	GlobalSection(ProjectConfigurationPlatforms) = postSolution
		{F4C438FB-BD45-4170-84DF-57AE4B57BB1B}.Debug|Any CPU.ActiveCfg = Debug|Any CPU
		{F4C438FB-BD45-4170-84DF-57AE4B57BB1B}.Debug|Any CPU.Build.0 = Debug|Any CPU
		{F4C438FB-BD45-4170-84DF-57AE4B57BB1B}.Release|Any CPU.ActiveCfg = Release|Any CPU
		{F4C438FB-BD45-4170-84DF-57AE4B57BB1B}.Release|Any CPU.Build.0 = Release|Any CPU
	EndGlobalSection
	GlobalSection(SolutionProperties) = preSolution
		HideSolutionNode = FALSE
	EndGlobalSection
	GlobalSection(ExtensibilityGlobals) = postSolution
		SolutionGuid = {1A4EFE19-9C4D-484F-B439-A3B21ABAC736}
	EndGlobalSection
EndGlobal
